
Microsoft Visual Studio Solution File, Format Version 12.00
# Visual Studio Version 17
VisualStudioVersion = 17.5.33502.453
MinimumVisualStudioVersion = 10.0.40219.1
Project("{FAE04EC0-301F-11D3-BF4B-00C04F79EFBC}") = "Maranny.Api", "Maranny.Api.csproj", "{1001A884-8448-48D4-8AAC-25E4EDD0ACC8}"
EndProject
Project("{FAE04EC0-301F-11D3-BF4B-00C04F79EFBC}") = "Maranny.Application", "..\Maranny.Application\Maranny.Application.csproj", "{2D1CF4ED-3B92-483C-9A58-33454CF8DF4A}"
EndProject
Project("{FAE04EC0-301F-11D3-BF4B-00C04F79EFBC}") = "Maranny.Infrastructure", "..\Maranny.Infrastructure\Maranny.Infrastructure.csproj", "{2E121E40-8F5E-462E-8896-57F06015EFD8}"
EndProject
Project("{FAE04EC0-301F-11D3-BF4B-00C04F79EFBC}") = "Maranny.Core", "..\Maranny.Core\Maranny.Core.csproj", "{3A0B7DA9-235A-4E92-8590-13E1CC99B2F7}"
EndProject
Global
	GlobalSection(SolutionConfigurationPlatforms) = preSolution
		Debug|Any CPU = Debug|Any CPU
		Release|Any CPU = Release|Any CPU
	EndGlobalSection
	GlobalSection(ProjectConfigurationPlatforms) = postSolution
		{1001A884-8448-48D4-8AAC-25E4EDD0ACC8}.Debug|Any CPU.ActiveCfg = Debug|Any CPU
		{1001A884-8448-48D4-8AAC-25E4EDD0ACC8}.Debug|Any CPU.Build.0 = Debug|Any CPU
		{1001A884-8448-48D4-8AAC-25E4EDD0ACC8}.Release|Any CPU.ActiveCfg = Release|Any CPU
		{1001A884-8448-48D4-8AAC-25E4EDD0ACC8}.Release|Any CPU.Build.0 = Release|Any CPU
		{2D1CF4ED-3B92-483C-9A58-33454CF8DF4A}.Debug|Any CPU.ActiveCfg = Debug|Any CPU
		{2D1CF4ED-3B92-483C-9A58-33454CF8DF4A}.Debug|Any CPU.Build.0 = Debug|Any CPU
		{2D1CF4ED-3B92-483C-9A58-33454CF8DF4A}.Release|Any CPU.ActiveCfg = Release|Any CPU
		{2D1CF4ED-3B92-483C-9A58-33454CF8DF4A}.Release|Any CPU.Build.0 = Release|Any CPU
		{2E121E40-8F5E-462E-8896-57F06015EFD8}.Debug|Any CPU.ActiveCfg = Debug|Any CPU
		{2E121E40-8F5E-462E-8896-57F06015EFD8}.Debug|Any CPU.Build.0 = Debug|Any CPU
		{2E121E40-8F5E-462E-8896-57F06015EFD8}.Release|Any CPU.ActiveCfg = Release|Any CPU
		{2E121E40-8F5E-462E-8896-57F06015EFD8}.Release|Any CPU.Build.0 = Release|Any CPU
		{3A0B7DA9-235A-4E92-8590-13E1CC99B2F7}.Debug|Any CPU.ActiveCfg = Debug|Any CPU
		{3A0B7DA9-235A-4E92-8590-13E1CC99B2F7}.Debug|Any CPU.Build.0 = Debug|Any CPU
		{3A0B7DA9-235A-4E92-8590-13E1CC99B2F7}.Release|Any CPU.ActiveCfg = Release|Any CPU
		{3A0B7DA9-235A-4E92-8590-13E1CC99B2F7}.Release|Any CPU.Build.0 = Release|Any CPU
	EndGlobalSection
	GlobalSection(SolutionProperties) = preSolution
		HideSolutionNode = FALSE
	EndGlobalSection
	GlobalSection(ExtensibilityGlobals) = postSolution
		SolutionGuid = {7D1079E9-E3C5-44C7-B0D1-7007ECC1A162}
	EndGlobalSection
EndGlobal
